// !$*UTF8*$!
{
	archiveVersion = 1;
	classes = {
	};
	objectVersion = 46;
	objects = {

/* Begin PBXBuildFile section */
		D8443D281CB025600043AA98 /* AppDelegate.swift in Sources */ = {isa = PBXBuildFile; fileRef = D8443D271CB025600043AA98 /* AppDelegate.swift */; };
		D8443D2A1CB025600043AA98 /* ViewController.swift in Sources */ = {isa = PBXBuildFile; fileRef = D8443D291CB025600043AA98 /* ViewController.swift */; };
		D8443D2D1CB025600043AA98 /* Main.storyboard in Resources */ = {isa = PBXBuildFile; fileRef = D8443D2B1CB025600043AA98 /* Main.storyboard */; };
		D8443D2F1CB025600043AA98 /* Assets.xcassets in Resources */ = {isa = PBXBuildFile; fileRef = D8443D2E1CB025600043AA98 /* Assets.xcassets */; };
		D8443D321CB025600043AA98 /* LaunchScreen.storyboard in Resources */ = {isa = PBXBuildFile; fileRef = D8443D301CB025600043AA98 /* LaunchScreen.storyboard */; };
		D8443D3D1CB025610043AA98 /* StateViewTests.swift in Sources */ = {isa = PBXBuildFile; fileRef = D8443D3C1CB025610043AA98 /* StateViewTests.swift */; };
/* End PBXBuildFile section */

/* Begin PBXContainerItemProxy section */
		D8443D391CB025610043AA98 /* PBXContainerItemProxy */ = {
			isa = PBXContainerItemProxy;
			containerPortal = D8443D1C1CB025600043AA98 /* Project object */;
			proxyType = 1;
			remoteGlobalIDString = D8443D231CB025600043AA98;
			remoteInfo = StateView;
		};
/* End PBXContainerItemProxy section */

/* Begin PBXFileReference section */
		D8443D241CB025600043AA98 /* StateView.app */ = {isa = PBXFileReference; explicitFileType = wrapper.application; includeInIndex = 0; path = StateView.app; sourceTree = BUILT_PRODUCTS_DIR; };
		D8443D271CB025600043AA98 /* AppDelegate.swift */ = {isa = PBXFileReference; lastKnownFileType = sourcecode.swift; path = AppDelegate.swift; sourceTree = "<group>"; };
		D8443D291CB025600043AA98 /* ViewController.swift */ = {isa = PBXFileReference; lastKnownFileType = sourcecode.swift; path = ViewController.swift; sourceTree = "<group>"; };
		D8443D2C1CB025600043AA98 /* Base */ = {isa = PBXFileReference; lastKnownFileType = file.storyboard; name = Base; path = Base.lproj/Main.storyboard; sourceTree = "<group>"; };
		D8443D2E1CB025600043AA98 /* Assets.xcassets */ = {isa = PBXFileReference; lastKnownFileType = folder.assetcatalog; path = Assets.xcassets; sourceTree = "<group>"; };
		D8443D311CB025600043AA98 /* Base */ = {isa = PBXFileReference; lastKnownFileType = file.storyboard; name = Base; path = Base.lproj/LaunchScreen.storyboard; sourceTree = "<group>"; };
		D8443D331CB025600043AA98 /* Info.plist */ = {isa = PBXFileReference; lastKnownFileType = text.plist.xml; path = Info.plist; sourceTree = "<group>"; };
		D8443D381CB025610043AA98 /* StateViewTests.xctest */ = {isa = PBXFileReference; explicitFileType = wrapper.cfbundle; includeInIndex = 0; path = StateViewTests.xctest; sourceTree = BUILT_PRODUCTS_DIR; };
		D8443D3C1CB025610043AA98 /* StateViewTests.swift */ = {isa = PBXFileReference; lastKnownFileType = sourcecode.swift; path = StateViewTests.swift; sourceTree = "<group>"; };
		D8443D3E1CB025610043AA98 /* Info.plist */ = {isa = PBXFileReference; lastKnownFileType = text.plist.xml; path = Info.plist; sourceTree = "<group>"; };
/* End PBXFileReference section */

/* Begin PBXFrameworksBuildPhase section */
		D8443D211CB025600043AA98 /* Frameworks */ = {
			isa = PBXFrameworksBuildPhase;
			buildActionMask = 2147483647;
			files = (
			);
			runOnlyForDeploymentPostprocessing = 0;
		};
		D8443D351CB025610043AA98 /* Frameworks */ = {
			isa = PBXFrameworksBuildPhase;
			buildActionMask = 2147483647;
			files = (
			);
			runOnlyForDeploymentPostprocessing = 0;
		};
/* End PBXFrameworksBuildPhase section */

/* Begin PBXGroup section */
		D8443D1B1CB025600043AA98 = {
			isa = PBXGroup;
			children = (
				D8443D261CB025600043AA98 /* StateView */,
				D8443D3B1CB025610043AA98 /* StateViewTests */,
				D8443D251CB025600043AA98 /* Products */,
			);
			sourceTree = "<group>";
		};
		D8443D251CB025600043AA98 /* Products */ = {
			isa = PBXGroup;
			children = (
				D8443D241CB025600043AA98 /* StateView.app */,
				D8443D381CB025610043AA98 /* StateViewTests.xctest */,
			);
			name = Products;
			sourceTree = "<group>";
		};
		D8443D261CB025600043AA98 /* StateView */ = {
			isa = PBXGroup;
			children = (
				D8443D271CB025600043AA98 /* AppDelegate.swift */,
				D8443D291CB025600043AA98 /* ViewController.swift */,
				D8443D2B1CB025600043AA98 /* Main.storyboard */,
				D8443D2E1CB025600043AA98 /* Assets.xcassets */,
				D8443D301CB025600043AA98 /* LaunchScreen.storyboard */,
				D8443D331CB025600043AA98 /* Info.plist */,
			);
			path = StateView;
			sourceTree = "<group>";
		};
		D8443D3B1CB025610043AA98 /* StateViewTests */ = {
			isa = PBXGroup;
			children = (
				D8443D3C1CB025610043AA98 /* StateViewTests.swift */,
				D8443D3E1CB025610043AA98 /* Info.plist */,
			);
			path = StateViewTests;
			sourceTree = "<group>";
		};
/* End PBXGroup section */

/* Begin PBXNativeTarget section */
		D8443D231CB025600043AA98 /* StateView */ = {
			isa = PBXNativeTarget;
			buildConfigurationList = D8443D411CB025610043AA98 /* Build configuration list for PBXNativeTarget "StateView" */;
			buildPhases = (
				D8443D201CB025600043AA98 /* Sources */,
				D8443D211CB025600043AA98 /* Frameworks */,
				D8443D221CB025600043AA98 /* Resources */,
			);
			buildRules = (
			);
			dependencies = (
			);
			name = StateView;
			productName = StateView;
			productReference = D8443D241CB025600043AA98 /* StateView.app */;
			productType = "com.apple.product-type.application";
		};
		D8443D371CB025610043AA98 /* StateViewTests */ = {
			isa = PBXNativeTarget;
			buildConfigurationList = D8443D441CB025610043AA98 /* Build configuration list for PBXNativeTarget "StateViewTests" */;
			buildPhases = (
				D8443D341CB025610043AA98 /* Sources */,
				D8443D351CB025610043AA98 /* Frameworks */,
				D8443D361CB025610043AA98 /* Resources */,
			);
			buildRules = (
			);
			dependencies = (
				D8443D3A1CB025610043AA98 /* PBXTargetDependency */,
			);
			name = StateViewTests;
			productName = StateViewTests;
			productReference = D8443D381CB025610043AA98 /* StateViewTests.xctest */;
			productType = "com.apple.product-type.bundle.unit-test";
		};
/* End PBXNativeTarget section */

/* Begin PBXProject section */
		D8443D1C1CB025600043AA98 /* Project object */ = {
			isa = PBXProject;
			attributes = {
				LastSwiftUpdateCheck = 0730;
				LastUpgradeCheck = 0730;
				ORGANIZATIONNAME = "Sahand Nayebaziz";
				TargetAttributes = {
					D8443D231CB025600043AA98 = {
						CreatedOnToolsVersion = 7.3;
					};
					D8443D371CB025610043AA98 = {
						CreatedOnToolsVersion = 7.3;
						TestTargetID = D8443D231CB025600043AA98;
					};
				};
			};
			buildConfigurationList = D8443D1F1CB025600043AA98 /* Build configuration list for PBXProject "StateView" */;
			compatibilityVersion = "Xcode 3.2";
			developmentRegion = English;
			hasScannedForEncodings = 0;
			knownRegions = (
				en,
				Base,
			);
			mainGroup = D8443D1B1CB025600043AA98;
			productRefGroup = D8443D251CB025600043AA98 /* Products */;
			projectDirPath = "";
			projectRoot = "";
			targets = (
				D8443D231CB025600043AA98 /* StateView */,
				D8443D371CB025610043AA98 /* StateViewTests */,
			);
		};
/* End PBXProject section */

/* Begin PBXResourcesBuildPhase section */
		D8443D221CB025600043AA98 /* Resources */ = {
			isa = PBXResourcesBuildPhase;
			buildActionMask = 2147483647;
			files = (
				D8443D321CB025600043AA98 /* LaunchScreen.storyboard in Resources */,
				D8443D2F1CB025600043AA98 /* Assets.xcassets in Resources */,
				D8443D2D1CB025600043AA98 /* Main.storyboard in Resources */,
			);
			runOnlyForDeploymentPostprocessing = 0;
		};
		D8443D361CB025610043AA98 /* Resources */ = {
			isa = PBXResourcesBuildPhase;
			buildActionMask = 2147483647;
			files = (
			);
			runOnlyForDeploymentPostprocessing = 0;
		};
/* End PBXResourcesBuildPhase section */

/* Begin PBXSourcesBuildPhase section */
		D8443D201CB025600043AA98 /* Sources */ = {
			isa = PBXSourcesBuildPhase;
			buildActionMask = 2147483647;
			files = (
				D8443D2A1CB025600043AA98 /* ViewController.swift in Sources */,
				D8443D281CB025600043AA98 /* AppDelegate.swift in Sources */,
			);
			runOnlyForDeploymentPostprocessing = 0;
		};
		D8443D341CB025610043AA98 /* Sources */ = {
			isa = PBXSourcesBuildPhase;
			buildActionMask = 2147483647;
			files = (
				D8443D3D1CB025610043AA98 /* StateViewTests.swift in Sources */,
			);
			runOnlyForDeploymentPostprocessing = 0;
		};
/* End PBXSourcesBuildPhase section */

/* Begin PBXTargetDependency section */
		D8443D3A1CB025610043AA98 /* PBXTargetDependency */ = {
			isa = PBXTargetDependency;
			target = D8443D231CB025600043AA98 /* StateView */;
			targetProxy = D8443D391CB025610043AA98 /* PBXContainerItemProxy */;
		};
/* End PBXTargetDependency section */

/* Begin PBXVariantGroup section */
		D8443D2B1CB025600043AA98 /* Main.storyboard */ = {
			isa = PBXVariantGroup;
			children = (
				D8443D2C1CB025600043AA98 /* Base */,
			);
			name = Main.storyboard;
			sourceTree = "<group>";
		};
		D8443D301CB025600043AA98 /* LaunchScreen.storyboard */ = {
			isa = PBXVariantGroup;
			children = (
				D8443D311CB025600043AA98 /* Base */,
			);
			name = LaunchScreen.storyboard;
			sourceTree = "<group>";
		};
/* End PBXVariantGroup section */

/* Begin XCBuildConfiguration section */
		D8443D3F1CB025610043AA98 /* Debug */ = {
			isa = XCBuildConfiguration;
			buildSettings = {
				ALWAYS_SEARCH_USER_PATHS = NO;
				CLANG_ANALYZER_NONNULL = YES;
				CLANG_CXX_LANGUAGE_STANDARD = "gnu++0x";
				CLANG_CXX_LIBRARY = "libc++";
				CLANG_ENABLE_MODULES = YES;
				CLANG_ENABLE_OBJC_ARC = YES;
				CLANG_WARN_BOOL_CONVERSION = YES;
				CLANG_WARN_CONSTANT_CONVERSION = YES;
				CLANG_WARN_DIRECT_OBJC_ISA_USAGE = YES_ERROR;
				CLANG_WARN_EMPTY_BODY = YES;
				CLANG_WARN_ENUM_CONVERSION = YES;
				CLANG_WARN_INT_CONVERSION = YES;
				CLANG_WARN_OBJC_ROOT_CLASS = YES_ERROR;
				CLANG_WARN_UNREACHABLE_CODE = YES;
				CLANG_WARN__DUPLICATE_METHOD_MATCH = YES;
				"CODE_SIGN_IDENTITY[sdk=iphoneos*]" = "iPhone Developer";
				COPY_PHASE_STRIP = NO;
				DEBUG_INFORMATION_FORMAT = dwarf;
				ENABLE_STRICT_OBJC_MSGSEND = YES;
				ENABLE_TESTABILITY = YES;
				GCC_C_LANGUAGE_STANDARD = gnu99;
				GCC_DYNAMIC_NO_PIC = NO;
				GCC_NO_COMMON_BLOCKS = YES;
				GCC_OPTIMIZATION_LEVEL = 0;
				GCC_PREPROCESSOR_DEFINITIONS = (
					"DEBUG=1",
					"$(inherited)",
				);
				GCC_WARN_64_TO_32_BIT_CONVERSION = YES;
				GCC_WARN_ABOUT_RETURN_TYPE = YES_ERROR;
				GCC_WARN_UNDECLARED_SELECTOR = YES;
				GCC_WARN_UNINITIALIZED_AUTOS = YES_AGGRESSIVE;
				GCC_WARN_UNUSED_FUNCTION = YES;
				GCC_WARN_UNUSED_VARIABLE = YES;
				IPHONEOS_DEPLOYMENT_TARGET = 9.3;
				MTL_ENABLE_DEBUG_INFO = YES;
				ONLY_ACTIVE_ARCH = YES;
				SDKROOT = iphoneos;
				SWIFT_OPTIMIZATION_LEVEL = "-Onone";
			};
			name = Debug;
		};
		D8443D401CB025610043AA98 /* Release */ = {
			isa = XCBuildConfiguration;
			buildSettings = {
				ALWAYS_SEARCH_USER_PATHS = NO;
				CLANG_ANALYZER_NONNULL = YES;
				CLANG_CXX_LANGUAGE_STANDARD = "gnu++0x";
				CLANG_CXX_LIBRARY = "libc++";
				CLANG_ENABLE_MODULES = YES;
				CLANG_ENABLE_OBJC_ARC = YES;
				CLANG_WARN_BOOL_CONVERSION = YES;
				CLANG_WARN_CONSTANT_CONVERSION = YES;
				CLANG_WARN_DIRECT_OBJC_ISA_USAGE = YES_ERROR;
				CLANG_WARN_EMPTY_BODY = YES;
				CLANG_WARN_ENUM_CONVERSION = YES;
				CLANG_WARN_INT_CONVERSION = YES;
				CLANG_WARN_OBJC_ROOT_CLASS = YES_ERROR;
				CLANG_WARN_UNREACHABLE_CODE = YES;
				CLANG_WARN__DUPLICATE_METHOD_MATCH = YES;
				"CODE_SIGN_IDENTITY[sdk=iphoneos*]" = "iPhone Developer";
				COPY_PHASE_STRIP = NO;
				DEBUG_INFORMATION_FORMAT = "dwarf-with-dsym";
				ENABLE_NS_ASSERTIONS = NO;
				ENABLE_STRICT_OBJC_MSGSEND = YES;
				GCC_C_LANGUAGE_STANDARD = gnu99;
				GCC_NO_COMMON_BLOCKS = YES;
				GCC_WARN_64_TO_32_BIT_CONVERSION = YES;
				GCC_WARN_ABOUT_RETURN_TYPE = YES_ERROR;
				GCC_WARN_UNDECLARED_SELECTOR = YES;
				GCC_WARN_UNINITIALIZED_AUTOS = YES_AGGRESSIVE;
				GCC_WARN_UNUSED_FUNCTION = YES;
				GCC_WARN_UNUSED_VARIABLE = YES;
				IPHONEOS_DEPLOYMENT_TARGET = 9.3;
				MTL_ENABLE_DEBUG_INFO = NO;
				SDKROOT = iphoneos;
				VALIDATE_PRODUCT = YES;
			};
			name = Release;
		};
		D8443D421CB025610043AA98 /* Debug */ = {
			isa = XCBuildConfiguration;
			buildSettings = {
				ASSETCATALOG_COMPILER_APPICON_NAME = AppIcon;
				INFOPLIST_FILE = StateView/Info.plist;
				LD_RUNPATH_SEARCH_PATHS = "$(inherited) @executable_path/Frameworks";
				PRODUCT_BUNDLE_IDENTIFIER = me.sahand.StateView;
				PRODUCT_NAME = "$(TARGET_NAME)";
			};
			name = Debug;
		};
		D8443D431CB025610043AA98 /* Release */ = {
			isa = XCBuildConfiguration;
			buildSettings = {
				ASSETCATALOG_COMPILER_APPICON_NAME = AppIcon;
				INFOPLIST_FILE = StateView/Info.plist;
				LD_RUNPATH_SEARCH_PATHS = "$(inherited) @executable_path/Frameworks";
				PRODUCT_BUNDLE_IDENTIFIER = me.sahand.StateView;
				PRODUCT_NAME = "$(TARGET_NAME)";
			};
			name = Release;
		};
		D8443D451CB025610043AA98 /* Debug */ = {
			isa = XCBuildConfiguration;
			buildSettings = {
				BUNDLE_LOADER = "$(TEST_HOST)";
				INFOPLIST_FILE = StateViewTests/Info.plist;
				LD_RUNPATH_SEARCH_PATHS = "$(inherited) @executable_path/Frameworks @loader_path/Frameworks";
				PRODUCT_BUNDLE_IDENTIFIER = me.sahand.StateViewTests;
				PRODUCT_NAME = "$(TARGET_NAME)";
				TEST_HOST = "$(BUILT_PRODUCTS_DIR)/StateView.app/StateView";
			};
			name = Debug;
		};
		D8443D461CB025610043AA98 /* Release */ = {
			isa = XCBuildConfiguration;
			buildSettings = {
				BUNDLE_LOADER = "$(TEST_HOST)";
				INFOPLIST_FILE = StateViewTests/Info.plist;
				LD_RUNPATH_SEARCH_PATHS = "$(inherited) @executable_path/Frameworks @loader_path/Frameworks";
				PRODUCT_BUNDLE_IDENTIFIER = me.sahand.StateViewTests;
				PRODUCT_NAME = "$(TARGET_NAME)";
				TEST_HOST = "$(BUILT_PRODUCTS_DIR)/StateView.app/StateView";
			};
			name = Release;
		};
/* End XCBuildConfiguration section */

/* Begin XCConfigurationList section */
		D8443D1F1CB025600043AA98 /* Build configuration list for PBXProject "StateView" */ = {
			isa = XCConfigurationList;
			buildConfigurations = (
				D8443D3F1CB025610043AA98 /* Debug */,
				D8443D401CB025610043AA98 /* Release */,
			);
			defaultConfigurationIsVisible = 0;
			defaultConfigurationName = Release;
		};
		D8443D411CB025610043AA98 /* Build configuration list for PBXNativeTarget "StateView" */ = {
			isa = XCConfigurationList;
			buildConfigurations = (
				D8443D421CB025610043AA98 /* Debug */,
				D8443D431CB025610043AA98 /* Release */,
			);
			defaultConfigurationIsVisible = 0;
		};
		D8443D441CB025610043AA98 /* Build configuration list for PBXNativeTarget "StateViewTests" */ = {
			isa = XCConfigurationList;
			buildConfigurations = (
				D8443D451CB025610043AA98 /* Debug */,
				D8443D461CB025610043AA98 /* Release */,
			);
			defaultConfigurationIsVisible = 0;
		};
/* End XCConfigurationList section */
	};
	rootObject = D8443D1C1CB025600043AA98 /* Project object */;
}
